
Microsoft Visual Studio Solution File, Format Version 12.00
# Visual Studio Version 16
VisualStudioVersion = 16.0.31624.102
MinimumVisualStudioVersion = 10.0.40219.1
Project("{FAE04EC0-301F-11D3-BF4B-00C04F79EFBC}") = "ASD_LR2", "ASD_LR2\ASD_LR2.csproj", "{C7094B13-234A-48A8-8488-65297A12D50A}"
EndProject
Global
	GlobalSection(SolutionConfigurationPlatforms) = preSolution
		Debug|Any CPU = Debug|Any CPU
		Release|Any CPU = Release|Any CPU
	EndGlobalSection
	GlobalSection(ProjectConfigurationPlatforms) = postSolution
		{C7094B13-234A-48A8-8488-65297A12D50A}.Debug|Any CPU.ActiveCfg = Debug|Any CPU
		{C7094B13-234A-48A8-8488-65297A12D50A}.Debug|Any CPU.Build.0 = Debug|Any CPU
		{C7094B13-234A-48A8-8488-65297A12D50A}.Release|Any CPU.ActiveCfg = Release|Any CPU
		{C7094B13-234A-48A8-8488-65297A12D50A}.Release|Any CPU.Build.0 = Release|Any CPU
	EndGlobalSection
	GlobalSection(SolutionProperties) = preSolution
		HideSolutionNode = FALSE
	EndGlobalSection
	GlobalSection(ExtensibilityGlobals) = postSolution
		SolutionGuid = {01F64AE4-F309-49B4-A175-E117FE61010C}
	EndGlobalSection
EndGlobal
