
Microsoft Visual Studio Solution File, Format Version 12.00
# Visual Studio Version 16
VisualStudioVersion = 16.0.32126.315
MinimumVisualStudioVersion = 10.0.40219.1
Project("{FAE04EC0-301F-11D3-BF4B-00C04F79EFBC}") = "ASDl7", "ASDl7\ASDl7.csproj", "{13B8FDC8-6DD1-4FB9-A900-FF6DE591F223}"
EndProject
Global
	GlobalSection(SolutionConfigurationPlatforms) = preSolution
		Debug|Any CPU = Debug|Any CPU
		Release|Any CPU = Release|Any CPU
	EndGlobalSection
	GlobalSection(ProjectConfigurationPlatforms) = postSolution
		{13B8FDC8-6DD1-4FB9-A900-FF6DE591F223}.Debug|Any CPU.ActiveCfg = Debug|Any CPU
		{13B8FDC8-6DD1-4FB9-A900-FF6DE591F223}.Debug|Any CPU.Build.0 = Debug|Any CPU
		{13B8FDC8-6DD1-4FB9-A900-FF6DE591F223}.Release|Any CPU.ActiveCfg = Release|Any CPU
		{13B8FDC8-6DD1-4FB9-A900-FF6DE591F223}.Release|Any CPU.Build.0 = Release|Any CPU
	EndGlobalSection
	GlobalSection(SolutionProperties) = preSolution
		HideSolutionNode = FALSE
	EndGlobalSection
	GlobalSection(ExtensibilityGlobals) = postSolution
		SolutionGuid = {EF17E43F-DC53-4002-8EF8-E19F55B10C4E}
	EndGlobalSection
EndGlobal
