
Microsoft Visual Studio Solution File, Format Version 12.00
# Visual Studio Version 16
VisualStudioVersion = 16.0.32126.315
MinimumVisualStudioVersion = 10.0.40219.1
Project("{FAE04EC0-301F-11D3-BF4B-00C04F79EFBC}") = "ASD_LR5", "ASD_LR5\ASD_LR5.csproj", "{C7B955E5-E599-4FB1-8727-C5B0DCCA2116}"
EndProject
Global
	GlobalSection(SolutionConfigurationPlatforms) = preSolution
		Debug|Any CPU = Debug|Any CPU
		Release|Any CPU = Release|Any CPU
	EndGlobalSection
	GlobalSection(ProjectConfigurationPlatforms) = postSolution
		{C7B955E5-E599-4FB1-8727-C5B0DCCA2116}.Debug|Any CPU.ActiveCfg = Debug|Any CPU
		{C7B955E5-E599-4FB1-8727-C5B0DCCA2116}.Debug|Any CPU.Build.0 = Debug|Any CPU
		{C7B955E5-E599-4FB1-8727-C5B0DCCA2116}.Release|Any CPU.ActiveCfg = Release|Any CPU
		{C7B955E5-E599-4FB1-8727-C5B0DCCA2116}.Release|Any CPU.Build.0 = Release|Any CPU
	EndGlobalSection
	GlobalSection(SolutionProperties) = preSolution
		HideSolutionNode = FALSE
	EndGlobalSection
	GlobalSection(ExtensibilityGlobals) = postSolution
		SolutionGuid = {DAD2D911-0E23-4702-8A27-6B5770349F41}
	EndGlobalSection
EndGlobal
